
Microsoft Visual Studio Solution File, Format Version 12.00
# Visual Studio Version 17
VisualStudioVersion = 17.0.31903.59
MinimumVisualStudioVersion = 10.0.40219.1
Project("{FAE04EC0-301F-11D3-BF4B-00C04F79EFBC}") = "HouseCostMonitor.API", "HouseCostMonitor.API\HouseCostMonitor.API.csproj", "{D8899E0E-BD86-43BE-B9F5-6A3445ADD9DC}"
EndProject
Project("{FAE04EC0-301F-11D3-BF4B-00C04F79EFBC}") = "HouseCostMonitor.Domain", "HouseCostMonitor.Domain\HouseCostMonitor.Domain.csproj", "{F19A45B3-4925-40B4-8CA6-9E0D03C4479D}"
EndProject
Project("{FAE04EC0-301F-11D3-BF4B-00C04F79EFBC}") = "HouseCostMonitor.Application", "HouseCostMonitor.Application\HouseCostMonitor.Application.csproj", "{D1E7E104-FFB8-4FC8-AE67-B778669446F7}"
EndProject
Project("{FAE04EC0-301F-11D3-BF4B-00C04F79EFBC}") = "HouseCostMonitor.Infrastructure", "HouseCostMonitor.Infrastructure\HouseCostMonitor.Infrastructure.csproj", "{18968850-EBCE-4542-9600-0E1C164C1F54}"
EndProject
Global
	GlobalSection(SolutionConfigurationPlatforms) = preSolution
		Debug|Any CPU = Debug|Any CPU
		Release|Any CPU = Release|Any CPU
	EndGlobalSection
	GlobalSection(SolutionProperties) = preSolution
		HideSolutionNode = FALSE
	EndGlobalSection
	GlobalSection(ProjectConfigurationPlatforms) = postSolution
		{D8899E0E-BD86-43BE-B9F5-6A3445ADD9DC}.Debug|Any CPU.ActiveCfg = Debug|Any CPU
		{D8899E0E-BD86-43BE-B9F5-6A3445ADD9DC}.Debug|Any CPU.Build.0 = Debug|Any CPU
		{D8899E0E-BD86-43BE-B9F5-6A3445ADD9DC}.Release|Any CPU.ActiveCfg = Release|Any CPU
		{D8899E0E-BD86-43BE-B9F5-6A3445ADD9DC}.Release|Any CPU.Build.0 = Release|Any CPU
		{F19A45B3-4925-40B4-8CA6-9E0D03C4479D}.Debug|Any CPU.ActiveCfg = Debug|Any CPU
		{F19A45B3-4925-40B4-8CA6-9E0D03C4479D}.Debug|Any CPU.Build.0 = Debug|Any CPU
		{F19A45B3-4925-40B4-8CA6-9E0D03C4479D}.Release|Any CPU.ActiveCfg = Release|Any CPU
		{F19A45B3-4925-40B4-8CA6-9E0D03C4479D}.Release|Any CPU.Build.0 = Release|Any CPU
		{D1E7E104-FFB8-4FC8-AE67-B778669446F7}.Debug|Any CPU.ActiveCfg = Debug|Any CPU
		{D1E7E104-FFB8-4FC8-AE67-B778669446F7}.Debug|Any CPU.Build.0 = Debug|Any CPU
		{D1E7E104-FFB8-4FC8-AE67-B778669446F7}.Release|Any CPU.ActiveCfg = Release|Any CPU
		{D1E7E104-FFB8-4FC8-AE67-B778669446F7}.Release|Any CPU.Build.0 = Release|Any CPU
		{18968850-EBCE-4542-9600-0E1C164C1F54}.Debug|Any CPU.ActiveCfg = Debug|Any CPU
		{18968850-EBCE-4542-9600-0E1C164C1F54}.Debug|Any CPU.Build.0 = Debug|Any CPU
		{18968850-EBCE-4542-9600-0E1C164C1F54}.Release|Any CPU.ActiveCfg = Release|Any CPU
		{18968850-EBCE-4542-9600-0E1C164C1F54}.Release|Any CPU.Build.0 = Release|Any CPU
	EndGlobalSection
EndGlobal
